// !$*UTF8*$!
{
	archiveVersion = 1;
	classes = {
	};
	objectVersion = 55;
	objects = {

/* Begin PBXBuildFile section */
		FB173C722819FD7F0060C4C1 /* play_button.atlas in Resources */ = {isa = PBXBuildFile; fileRef = FB173C712819FD7F0060C4C1 /* play_button.atlas */; };
		FB173C742819FF930060C4C1 /* PauseScene.swift in Sources */ = {isa = PBXBuildFile; fileRef = FB173C732819FF930060C4C1 /* PauseScene.swift */; };
		FB55434E2819F51D0061873F /* good_job.atlas in Resources */ = {isa = PBXBuildFile; fileRef = FB55434D2819F51D0061873F /* good_job.atlas */; };
		FB5543562819F6B60061873F /* bubble_burst.atlas in Resources */ = {isa = PBXBuildFile; fileRef = FB5543552819F6B60061873F /* bubble_burst.atlas */; };
		FB5543582819F6C40061873F /* difficulty_button.atlas in Resources */ = {isa = PBXBuildFile; fileRef = FB5543572819F6C40061873F /* difficulty_button.atlas */; };
		FB55435A2819F6CD0061873F /* game_paused.atlas in Resources */ = {isa = PBXBuildFile; fileRef = FB5543592819F6CD0061873F /* game_paused.atlas */; };
		FB55435E2819F6DF0061873F /* mainmenu_button.atlas in Resources */ = {isa = PBXBuildFile; fileRef = FB55435D2819F6DF0061873F /* mainmenu_button.atlas */; };
		FB5543642819F7200061873F /* yunasballad.mp3 in Resources */ = {isa = PBXBuildFile; fileRef = FB5543632819F7200061873F /* yunasballad.mp3 */; };
		FB5543662819F7290061873F /* words.mp3 in Resources */ = {isa = PBXBuildFile; fileRef = FB5543652819F7290061873F /* words.mp3 */; };
		FB5543682819F7370061873F /* gameover.mp3 in Resources */ = {isa = PBXBuildFile; fileRef = FB5543672819F7370061873F /* gameover.mp3 */; };
		FB55436A2819F73F0061873F /* EternityMemoryofLightwaves.mp3 in Resources */ = {isa = PBXBuildFile; fileRef = FB5543692819F73F0061873F /* EternityMemoryofLightwaves.mp3 */; };
		FB55436C2819F74B0061873F /* explosion.mp3 in Resources */ = {isa = PBXBuildFile; fileRef = FB55436B2819F74B0061873F /* explosion.mp3 */; };
		FB55436E2819F7540061873F /* bubblepop.mp3 in Resources */ = {isa = PBXBuildFile; fileRef = FB55436D2819F7540061873F /* bubblepop.mp3 */; };
		FB5543702819F7960061873F /* CongratsScene.sks in Resources */ = {isa = PBXBuildFile; fileRef = FB55436F2819F7960061873F /* CongratsScene.sks */; };
		FB5543722819F7CC0061873F /* KidsModeScene.sks in Resources */ = {isa = PBXBuildFile; fileRef = FB5543712819F7CC0061873F /* KidsModeScene.sks */; };
		FB5543742819F7FD0061873F /* MenuScene.sks in Resources */ = {isa = PBXBuildFile; fileRef = FB5543732819F7FD0061873F /* MenuScene.sks */; };
		FB5543762819F85E0061873F /* PauseScene.sks in Resources */ = {isa = PBXBuildFile; fileRef = FB5543752819F85E0061873F /* PauseScene.sks */; };
		FB5543782819F88C0061873F /* StartScene.sks in Resources */ = {isa = PBXBuildFile; fileRef = FB5543772819F88C0061873F /* StartScene.sks */; };
		FB55437A2819F93A0061873F /* BubbleAnimation.swift in Sources */ = {isa = PBXBuildFile; fileRef = FB5543792819F93A0061873F /* BubbleAnimation.swift */; };
		FB55437C2819F9750061873F /* CongratsScene.swift in Sources */ = {isa = PBXBuildFile; fileRef = FB55437B2819F9750061873F /* CongratsScene.swift */; };
		FB55437E2819F9B20061873F /* DifficultyButton.swift in Sources */ = {isa = PBXBuildFile; fileRef = FB55437D2819F9B20061873F /* DifficultyButton.swift */; };
		FB5543802819F9DC0061873F /* GamePausedImage.swift in Sources */ = {isa = PBXBuildFile; fileRef = FB55437F2819F9DC0061873F /* GamePausedImage.swift */; };
		FB5543822819FA4F0061873F /* GoodJobImage.swift in Sources */ = {isa = PBXBuildFile; fileRef = FB5543812819FA4F0061873F /* GoodJobImage.swift */; };
		FB5543842819FA7E0061873F /* KidsModeScene.swift in Sources */ = {isa = PBXBuildFile; fileRef = FB5543832819FA7E0061873F /* KidsModeScene.swift */; };
		FB5543862819FAB20061873F /* MainMenuButton.swift in Sources */ = {isa = PBXBuildFile; fileRef = FB5543852819FAB20061873F /* MainMenuButton.swift */; };
		FB5543882819FADC0061873F /* MenuScene.swift in Sources */ = {isa = PBXBuildFile; fileRef = FB5543872819FADC0061873F /* MenuScene.swift */; };
		FB55438A2819FB0C0061873F /* PauseButton.swift in Sources */ = {isa = PBXBuildFile; fileRef = FB5543892819FB0C0061873F /* PauseButton.swift */; };
		FB55438C2819FB300061873F /* PlayButton.swift in Sources */ = {isa = PBXBuildFile; fileRef = FB55438B2819FB300061873F /* PlayButton.swift */; };
		FB5543902819FB830061873F /* ReplayButton.swift in Sources */ = {isa = PBXBuildFile; fileRef = FB55438F2819FB830061873F /* ReplayButton.swift */; };
		FB5543922819FBA20061873F /* StartScene.swift in Sources */ = {isa = PBXBuildFile; fileRef = FB5543912819FBA20061873F /* StartScene.swift */; };
		FB5D243728F892BD009F97C0 /* pause_button.atlas in Resources */ = {isa = PBXBuildFile; fileRef = FB5D243628F892BD009F97C0 /* pause_button.atlas */; };
		FBD057972819F3E100BC508A /* AppDelegate.swift in Sources */ = {isa = PBXBuildFile; fileRef = FBD057962819F3E100BC508A /* AppDelegate.swift */; };
		FBD057992819F3E100BC508A /* GameScene.sks in Resources */ = {isa = PBXBuildFile; fileRef = FBD057982819F3E100BC508A /* GameScene.sks */; };
		FBD0579B2819F3E100BC508A /* Actions.sks in Resources */ = {isa = PBXBuildFile; fileRef = FBD0579A2819F3E100BC508A /* Actions.sks */; };
		FBD0579D2819F3E100BC508A /* GameScene.swift in Sources */ = {isa = PBXBuildFile; fileRef = FBD0579C2819F3E100BC508A /* GameScene.swift */; };
		FBD0579F2819F3E100BC508A /* GameViewController.swift in Sources */ = {isa = PBXBuildFile; fileRef = FBD0579E2819F3E100BC508A /* GameViewController.swift */; };
		FBD057A22819F3E100BC508A /* Main.storyboard in Resources */ = {isa = PBXBuildFile; fileRef = FBD057A02819F3E100BC508A /* Main.storyboard */; };
		FBD057A42819F3E200BC508A /* Assets.xcassets in Resources */ = {isa = PBXBuildFile; fileRef = FBD057A32819F3E200BC508A /* Assets.xcassets */; };
		FBD057A72819F3E200BC508A /* LaunchScreen.storyboard in Resources */ = {isa = PBXBuildFile; fileRef = FBD057A52819F3E200BC508A /* LaunchScreen.storyboard */; };
		FBD057B12819F3E300BC508A /* Bubble_BurstTests.swift in Sources */ = {isa = PBXBuildFile; fileRef = FBD057B02819F3E300BC508A /* Bubble_BurstTests.swift */; };
		FBD057BB2819F3E300BC508A /* Bubble_BurstUITests.swift in Sources */ = {isa = PBXBuildFile; fileRef = FBD057BA2819F3E300BC508A /* Bubble_BurstUITests.swift */; };
		FBD057BD2819F3E300BC508A /* Bubble_BurstUITestsLaunchTests.swift in Sources */ = {isa = PBXBuildFile; fileRef = FBD057BC2819F3E300BC508A /* Bubble_BurstUITestsLaunchTests.swift */; };
		FBD391BB281A01D30031E5A5 /* replay_button.atlas in Resources */ = {isa = PBXBuildFile; fileRef = FBD391BA281A01D30031E5A5 /* replay_button.atlas */; };
/* End PBXBuildFile section */

/* Begin PBXContainerItemProxy section */
		FBD057AD2819F3E300BC508A /* PBXContainerItemProxy */ = {
			isa = PBXContainerItemProxy;
			containerPortal = FBD0578B2819F3E100BC508A /* Project object */;
			proxyType = 1;
			remoteGlobalIDString = FBD057922819F3E100BC508A;
			remoteInfo = "Bubble Burst";
		};
		FBD057B72819F3E300BC508A /* PBXContainerItemProxy */ = {
			isa = PBXContainerItemProxy;
			containerPortal = FBD0578B2819F3E100BC508A /* Project object */;
			proxyType = 1;
			remoteGlobalIDString = FBD057922819F3E100BC508A;
			remoteInfo = "Bubble Burst";
		};
/* End PBXContainerItemProxy section */

/* Begin PBXFileReference section */
		FB173C712819FD7F0060C4C1 /* play_button.atlas */ = {isa = PBXFileReference; lastKnownFileType = folder.skatlas; path = play_button.atlas; sourceTree = "<group>"; };
		FB173C732819FF930060C4C1 /* PauseScene.swift */ = {isa = PBXFileReference; lastKnownFileType = sourcecode.swift; path = PauseScene.swift; sourceTree = "<group>"; };
		FB55434D2819F51D0061873F /* good_job.atlas */ = {isa = PBXFileReference; lastKnownFileType = folder.skatlas; path = good_job.atlas; sourceTree = "<group>"; };
		FB5543552819F6B60061873F /* bubble_burst.atlas */ = {isa = PBXFileReference; lastKnownFileType = folder.skatlas; path = bubble_burst.atlas; sourceTree = "<group>"; };
		FB5543572819F6C40061873F /* difficulty_button.atlas */ = {isa = PBXFileReference; lastKnownFileType = folder.skatlas; path = difficulty_button.atlas; sourceTree = "<group>"; };
		FB5543592819F6CD0061873F /* game_paused.atlas */ = {isa = PBXFileReference; lastKnownFileType = folder.skatlas; path = game_paused.atlas; sourceTree = "<group>"; };
		FB55435D2819F6DF0061873F /* mainmenu_button.atlas */ = {isa = PBXFileReference; lastKnownFileType = folder.skatlas; path = mainmenu_button.atlas; sourceTree = "<group>"; };
		FB5543632819F7200061873F /* yunasballad.mp3 */ = {isa = PBXFileReference; lastKnownFileType = audio.mp3; path = yunasballad.mp3; sourceTree = "<group>"; };
		FB5543652819F7290061873F /* words.mp3 */ = {isa = PBXFileReference; lastKnownFileType = audio.mp3; path = words.mp3; sourceTree = "<group>"; };
		FB5543672819F7370061873F /* gameover.mp3 */ = {isa = PBXFileReference; lastKnownFileType = audio.mp3; path = gameover.mp3; sourceTree = "<group>"; };
		FB5543692819F73F0061873F /* EternityMemoryofLightwaves.mp3 */ = {isa = PBXFileReference; lastKnownFileType = audio.mp3; path = EternityMemoryofLightwaves.mp3; sourceTree = "<group>"; };
		FB55436B2819F74B0061873F /* explosion.mp3 */ = {isa = PBXFileReference; lastKnownFileType = audio.mp3; path = explosion.mp3; sourceTree = "<group>"; };
		FB55436D2819F7540061873F /* bubblepop.mp3 */ = {isa = PBXFileReference; lastKnownFileType = audio.mp3; path = bubblepop.mp3; sourceTree = "<group>"; };
		FB55436F2819F7960061873F /* CongratsScene.sks */ = {isa = PBXFileReference; lastKnownFileType = file.sks; path = CongratsScene.sks; sourceTree = "<group>"; };
		FB5543712819F7CC0061873F /* KidsModeScene.sks */ = {isa = PBXFileReference; lastKnownFileType = file.sks; path = KidsModeScene.sks; sourceTree = "<group>"; };
		FB5543732819F7FD0061873F /* MenuScene.sks */ = {isa = PBXFileReference; lastKnownFileType = file.sks; path = MenuScene.sks; sourceTree = "<group>"; };
		FB5543752819F85E0061873F /* PauseScene.sks */ = {isa = PBXFileReference; lastKnownFileType = file.sks; path = PauseScene.sks; sourceTree = "<group>"; };
		FB5543772819F88C0061873F /* StartScene.sks */ = {isa = PBXFileReference; lastKnownFileType = file.sks; path = StartScene.sks; sourceTree = "<group>"; };
		FB5543792819F93A0061873F /* BubbleAnimation.swift */ = {isa = PBXFileReference; lastKnownFileType = sourcecode.swift; path = BubbleAnimation.swift; sourceTree = "<group>"; };
		FB55437B2819F9750061873F /* CongratsScene.swift */ = {isa = PBXFileReference; lastKnownFileType = sourcecode.swift; path = CongratsScene.swift; sourceTree = "<group>"; };
		FB55437D2819F9B20061873F /* DifficultyButton.swift */ = {isa = PBXFileReference; lastKnownFileType = sourcecode.swift; path = DifficultyButton.swift; sourceTree = "<group>"; };
		FB55437F2819F9DC0061873F /* GamePausedImage.swift */ = {isa = PBXFileReference; lastKnownFileType = sourcecode.swift; path = GamePausedImage.swift; sourceTree = "<group>"; };
		FB5543812819FA4F0061873F /* GoodJobImage.swift */ = {isa = PBXFileReference; lastKnownFileType = sourcecode.swift; path = GoodJobImage.swift; sourceTree = "<group>"; };
		FB5543832819FA7E0061873F /* KidsModeScene.swift */ = {isa = PBXFileReference; lastKnownFileType = sourcecode.swift; path = KidsModeScene.swift; sourceTree = "<group>"; };
		FB5543852819FAB20061873F /* MainMenuButton.swift */ = {isa = PBXFileReference; lastKnownFileType = sourcecode.swift; path = MainMenuButton.swift; sourceTree = "<group>"; };
		FB5543872819FADC0061873F /* MenuScene.swift */ = {isa = PBXFileReference; lastKnownFileType = sourcecode.swift; path = MenuScene.swift; sourceTree = "<group>"; };
		FB5543892819FB0C0061873F /* PauseButton.swift */ = {isa = PBXFileReference; lastKnownFileType = sourcecode.swift; path = PauseButton.swift; sourceTree = "<group>"; };
		FB55438B2819FB300061873F /* PlayButton.swift */ = {isa = PBXFileReference; lastKnownFileType = sourcecode.swift; path = PlayButton.swift; sourceTree = "<group>"; };
		FB55438F2819FB830061873F /* ReplayButton.swift */ = {isa = PBXFileReference; lastKnownFileType = sourcecode.swift; path = ReplayButton.swift; sourceTree = "<group>"; };
		FB5543912819FBA20061873F /* StartScene.swift */ = {isa = PBXFileReference; lastKnownFileType = sourcecode.swift; path = StartScene.swift; sourceTree = "<group>"; };
		FB5D243628F892BD009F97C0 /* pause_button.atlas */ = {isa = PBXFileReference; lastKnownFileType = folder.skatlas; path = pause_button.atlas; sourceTree = "<group>"; };
		FBD057932819F3E100BC508A /* Bubble Burst.app */ = {isa = PBXFileReference; explicitFileType = wrapper.application; includeInIndex = 0; path = "Bubble Burst.app"; sourceTree = BUILT_PRODUCTS_DIR; };
		FBD057962819F3E100BC508A /* AppDelegate.swift */ = {isa = PBXFileReference; lastKnownFileType = sourcecode.swift; path = AppDelegate.swift; sourceTree = "<group>"; };
		FBD057982819F3E100BC508A /* GameScene.sks */ = {isa = PBXFileReference; lastKnownFileType = file.sks; path = GameScene.sks; sourceTree = "<group>"; };
		FBD0579A2819F3E100BC508A /* Actions.sks */ = {isa = PBXFileReference; lastKnownFileType = file.sks; path = Actions.sks; sourceTree = "<group>"; };
		FBD0579C2819F3E100BC508A /* GameScene.swift */ = {isa = PBXFileReference; lastKnownFileType = sourcecode.swift; path = GameScene.swift; sourceTree = "<group>"; };
		FBD0579E2819F3E100BC508A /* GameViewController.swift */ = {isa = PBXFileReference; lastKnownFileType = sourcecode.swift; path = GameViewController.swift; sourceTree = "<group>"; };
		FBD057A12819F3E100BC508A /* Base */ = {isa = PBXFileReference; lastKnownFileType = file.storyboard; name = Base; path = Base.lproj/Main.storyboard; sourceTree = "<group>"; };
		FBD057A32819F3E200BC508A /* Assets.xcassets */ = {isa = PBXFileReference; lastKnownFileType = folder.assetcatalog; path = Assets.xcassets; sourceTree = "<group>"; };
		FBD057A62819F3E200BC508A /* Base */ = {isa = PBXFileReference; lastKnownFileType = file.storyboard; name = Base; path = Base.lproj/LaunchScreen.storyboard; sourceTree = "<group>"; };
		FBD057AC2819F3E300BC508A /* Bubble BurstTests.xctest */ = {isa = PBXFileReference; explicitFileType = wrapper.cfbundle; includeInIndex = 0; path = "Bubble BurstTests.xctest"; sourceTree = BUILT_PRODUCTS_DIR; };
		FBD057B02819F3E300BC508A /* Bubble_BurstTests.swift */ = {isa = PBXFileReference; lastKnownFileType = sourcecode.swift; path = Bubble_BurstTests.swift; sourceTree = "<group>"; };
		FBD057B62819F3E300BC508A /* Bubble BurstUITests.xctest */ = {isa = PBXFileReference; explicitFileType = wrapper.cfbundle; includeInIndex = 0; path = "Bubble BurstUITests.xctest"; sourceTree = BUILT_PRODUCTS_DIR; };
		FBD057BA2819F3E300BC508A /* Bubble_BurstUITests.swift */ = {isa = PBXFileReference; lastKnownFileType = sourcecode.swift; path = Bubble_BurstUITests.swift; sourceTree = "<group>"; };
		FBD057BC2819F3E300BC508A /* Bubble_BurstUITestsLaunchTests.swift */ = {isa = PBXFileReference; lastKnownFileType = sourcecode.swift; path = Bubble_BurstUITestsLaunchTests.swift; sourceTree = "<group>"; };
		FBD391BA281A01D30031E5A5 /* replay_button.atlas */ = {isa = PBXFileReference; lastKnownFileType = folder.skatlas; path = replay_button.atlas; sourceTree = "<group>"; };
/* End PBXFileReference section */

/* Begin PBXFrameworksBuildPhase section */
		FBD057902819F3E100BC508A /* Frameworks */ = {
			isa = PBXFrameworksBuildPhase;
			buildActionMask = 2147483647;
			files = (
			);
			runOnlyForDeploymentPostprocessing = 0;
		};
		FBD057A92819F3E300BC508A /* Frameworks */ = {
			isa = PBXFrameworksBuildPhase;
			buildActionMask = 2147483647;
			files = (
			);
			runOnlyForDeploymentPostprocessing = 0;
		};
		FBD057B32819F3E300BC508A /* Frameworks */ = {
			isa = PBXFrameworksBuildPhase;
			buildActionMask = 2147483647;
			files = (
			);
			runOnlyForDeploymentPostprocessing = 0;
		};
/* End PBXFrameworksBuildPhase section */

/* Begin PBXGroup section */
		FB5D243828F892EC009F97C0 /* Levels */ = {
			isa = PBXGroup;
			children = (
				FBD0579C2819F3E100BC508A /* GameScene.swift */,
				FBD057982819F3E100BC508A /* GameScene.sks */,
				FB5543832819FA7E0061873F /* KidsModeScene.swift */,
				FB5543712819F7CC0061873F /* KidsModeScene.sks */,
			);
			path = Levels;
			sourceTree = "<group>";
		};
		FB5D243B28F8A040009F97C0 /* Sounds */ = {
			isa = PBXGroup;
			children = (
				FB55436B2819F74B0061873F /* explosion.mp3 */,
				FB55436D2819F7540061873F /* bubblepop.mp3 */,
			);
			path = Sounds;
			sourceTree = "<group>";
		};
		FB980E8C28F88B14007E27E1 /* Music */ = {
			isa = PBXGroup;
			children = (
				FB5543672819F7370061873F /* gameover.mp3 */,
				FB5543652819F7290061873F /* words.mp3 */,
				FB5543692819F73F0061873F /* EternityMemoryofLightwaves.mp3 */,
				FB5543632819F7200061873F /* yunasballad.mp3 */,
			);
			path = Music;
			sourceTree = "<group>";
		};
		FB980E8D28F88B2D007E27E1 /* Atlas */ = {
			isa = PBXGroup;
			children = (
				FB5D243628F892BD009F97C0 /* pause_button.atlas */,
				FB5543592819F6CD0061873F /* game_paused.atlas */,
				FB55435D2819F6DF0061873F /* mainmenu_button.atlas */,
				FB5543572819F6C40061873F /* difficulty_button.atlas */,
				FB55434D2819F51D0061873F /* good_job.atlas */,
				FB5543552819F6B60061873F /* bubble_burst.atlas */,
				FBD391BA281A01D30031E5A5 /* replay_button.atlas */,
				FB173C712819FD7F0060C4C1 /* play_button.atlas */,
			);
			path = Atlas;
			sourceTree = "<group>";
		};
		FB980E8F28F88B6D007E27E1 /* Scenes */ = {
			isa = PBXGroup;
			children = (
				FB5D243828F892EC009F97C0 /* Levels */,
				FB5543872819FADC0061873F /* MenuScene.swift */,
				FB5543732819F7FD0061873F /* MenuScene.sks */,
				FB173C732819FF930060C4C1 /* PauseScene.swift */,
				FB5543752819F85E0061873F /* PauseScene.sks */,
				FB5543912819FBA20061873F /* StartScene.swift */,
				FB5543772819F88C0061873F /* StartScene.sks */,
				FB55437B2819F9750061873F /* CongratsScene.swift */,
				FB55436F2819F7960061873F /* CongratsScene.sks */,
			);
			path = Scenes;
			sourceTree = "<group>";
		};
		FB980E9028F88D8D007E27E1 /* Images */ = {
			isa = PBXGroup;
			children = (
				FB5543792819F93A0061873F /* BubbleAnimation.swift */,
				FB55437F2819F9DC0061873F /* GamePausedImage.swift */,
				FB55438B2819FB300061873F /* PlayButton.swift */,
				FB5543812819FA4F0061873F /* GoodJobImage.swift */,
				FB55438F2819FB830061873F /* ReplayButton.swift */,
				FB5543892819FB0C0061873F /* PauseButton.swift */,
				FB5543852819FAB20061873F /* MainMenuButton.swift */,
				FB55437D2819F9B20061873F /* DifficultyButton.swift */,
			);
			path = Images;
			sourceTree = "<group>";
		};
		FBD0578A2819F3E100BC508A = {
			isa = PBXGroup;
			children = (
				FBD057952819F3E100BC508A /* Bubble Burst */,
				FBD057AF2819F3E300BC508A /* Bubble BurstTests */,
				FBD057B92819F3E300BC508A /* Bubble BurstUITests */,
				FBD057942819F3E100BC508A /* Products */,
			);
			sourceTree = "<group>";
		};
		FBD057942819F3E100BC508A /* Products */ = {
			isa = PBXGroup;
			children = (
				FBD057932819F3E100BC508A /* Bubble Burst.app */,
				FBD057AC2819F3E300BC508A /* Bubble BurstTests.xctest */,
				FBD057B62819F3E300BC508A /* Bubble BurstUITests.xctest */,
			);
			name = Products;
			sourceTree = "<group>";
		};
		FBD057952819F3E100BC508A /* Bubble Burst */ = {
			isa = PBXGroup;
			children = (
				FB5D243B28F8A040009F97C0 /* Sounds */,
				FB980E9028F88D8D007E27E1 /* Images */,
				FB980E8F28F88B6D007E27E1 /* Scenes */,
				FB980E8D28F88B2D007E27E1 /* Atlas */,
				FB980E8C28F88B14007E27E1 /* Music */,
				FBD057962819F3E100BC508A /* AppDelegate.swift */,
				FBD0579A2819F3E100BC508A /* Actions.sks */,
				FBD0579E2819F3E100BC508A /* GameViewController.swift */,
				FBD057A02819F3E100BC508A /* Main.storyboard */,
				FBD057A32819F3E200BC508A /* Assets.xcassets */,
				FBD057A52819F3E200BC508A /* LaunchScreen.storyboard */,
			);
			path = "Bubble Burst";
			sourceTree = "<group>";
		};
		FBD057AF2819F3E300BC508A /* Bubble BurstTests */ = {
			isa = PBXGroup;
			children = (
				FBD057B02819F3E300BC508A /* Bubble_BurstTests.swift */,
			);
			path = "Bubble BurstTests";
			sourceTree = "<group>";
		};
		FBD057B92819F3E300BC508A /* Bubble BurstUITests */ = {
			isa = PBXGroup;
			children = (
				FBD057BA2819F3E300BC508A /* Bubble_BurstUITests.swift */,
				FBD057BC2819F3E300BC508A /* Bubble_BurstUITestsLaunchTests.swift */,
			);
			path = "Bubble BurstUITests";
			sourceTree = "<group>";
		};
/* End PBXGroup section */

/* Begin PBXNativeTarget section */
		FBD057922819F3E100BC508A /* Bubble Burst */ = {
			isa = PBXNativeTarget;
			buildConfigurationList = FBD057C02819F3E300BC508A /* Build configuration list for PBXNativeTarget "Bubble Burst" */;
			buildPhases = (
				FBD0578F2819F3E100BC508A /* Sources */,
				FBD057902819F3E100BC508A /* Frameworks */,
				FBD057912819F3E100BC508A /* Resources */,
			);
			buildRules = (
			);
			dependencies = (
			);
			name = "Bubble Burst";
			productName = "Bubble Burst";
			productReference = FBD057932819F3E100BC508A /* Bubble Burst.app */;
			productType = "com.apple.product-type.application";
		};
		FBD057AB2819F3E300BC508A /* Bubble BurstTests */ = {
			isa = PBXNativeTarget;
			buildConfigurationList = FBD057C32819F3E300BC508A /* Build configuration list for PBXNativeTarget "Bubble BurstTests" */;
			buildPhases = (
				FBD057A82819F3E300BC508A /* Sources */,
				FBD057A92819F3E300BC508A /* Frameworks */,
				FBD057AA2819F3E300BC508A /* Resources */,
			);
			buildRules = (
			);
			dependencies = (
				FBD057AE2819F3E300BC508A /* PBXTargetDependency */,
			);
			name = "Bubble BurstTests";
			productName = "Bubble BurstTests";
			productReference = FBD057AC2819F3E300BC508A /* Bubble BurstTests.xctest */;
			productType = "com.apple.product-type.bundle.unit-test";
		};
		FBD057B52819F3E300BC508A /* Bubble BurstUITests */ = {
			isa = PBXNativeTarget;
			buildConfigurationList = FBD057C62819F3E300BC508A /* Build configuration list for PBXNativeTarget "Bubble BurstUITests" */;
			buildPhases = (
				FBD057B22819F3E300BC508A /* Sources */,
				FBD057B32819F3E300BC508A /* Frameworks */,
				FBD057B42819F3E300BC508A /* Resources */,
			);
			buildRules = (
			);
			dependencies = (
				FBD057B82819F3E300BC508A /* PBXTargetDependency */,
			);
			name = "Bubble BurstUITests";
			productName = "Bubble BurstUITests";
			productReference = FBD057B62819F3E300BC508A /* Bubble BurstUITests.xctest */;
			productType = "com.apple.product-type.bundle.ui-testing";
		};
/* End PBXNativeTarget section */

/* Begin PBXProject section */
		FBD0578B2819F3E100BC508A /* Project object */ = {
			isa = PBXProject;
			attributes = {
				BuildIndependentTargetsInParallel = 1;
				LastSwiftUpdateCheck = 1330;
				LastUpgradeCheck = 1330;
				TargetAttributes = {
					FBD057922819F3E100BC508A = {
						CreatedOnToolsVersion = 13.3.1;
					};
					FBD057AB2819F3E300BC508A = {
						CreatedOnToolsVersion = 13.3.1;
						TestTargetID = FBD057922819F3E100BC508A;
					};
					FBD057B52819F3E300BC508A = {
						CreatedOnToolsVersion = 13.3.1;
						TestTargetID = FBD057922819F3E100BC508A;
					};
				};
			};
			buildConfigurationList = FBD0578E2819F3E100BC508A /* Build configuration list for PBXProject "Bubble Burst" */;
			compatibilityVersion = "Xcode 13.0";
			developmentRegion = en;
			hasScannedForEncodings = 0;
			knownRegions = (
				en,
				Base,
			);
			mainGroup = FBD0578A2819F3E100BC508A;
			productRefGroup = FBD057942819F3E100BC508A /* Products */;
			projectDirPath = "";
			projectRoot = "";
			targets = (
				FBD057922819F3E100BC508A /* Bubble Burst */,
				FBD057AB2819F3E300BC508A /* Bubble BurstTests */,
				FBD057B52819F3E300BC508A /* Bubble BurstUITests */,
			);
		};
/* End PBXProject section */

/* Begin PBXResourcesBuildPhase section */
		FBD057912819F3E100BC508A /* Resources */ = {
			isa = PBXResourcesBuildPhase;
			buildActionMask = 2147483647;
			files = (
				FB5543582819F6C40061873F /* difficulty_button.atlas in Resources */,
				FB5543762819F85E0061873F /* PauseScene.sks in Resources */,
				FB55435A2819F6CD0061873F /* game_paused.atlas in Resources */,
				FB5543562819F6B60061873F /* bubble_burst.atlas in Resources */,
				FBD057A22819F3E100BC508A /* Main.storyboard in Resources */,
				FBD057992819F3E100BC508A /* GameScene.sks in Resources */,
				FB5543722819F7CC0061873F /* KidsModeScene.sks in Resources */,
				FB5543782819F88C0061873F /* StartScene.sks in Resources */,
				FB5543662819F7290061873F /* words.mp3 in Resources */,
				FB55436C2819F74B0061873F /* explosion.mp3 in Resources */,
				FB55434E2819F51D0061873F /* good_job.atlas in Resources */,
				FB55436A2819F73F0061873F /* EternityMemoryofLightwaves.mp3 in Resources */,
				FB5543742819F7FD0061873F /* MenuScene.sks in Resources */,
				FBD391BB281A01D30031E5A5 /* replay_button.atlas in Resources */,
				FB173C722819FD7F0060C4C1 /* play_button.atlas in Resources */,
				FBD057A42819F3E200BC508A /* Assets.xcassets in Resources */,
				FB55436E2819F7540061873F /* bubblepop.mp3 in Resources */,
				FB55435E2819F6DF0061873F /* mainmenu_button.atlas in Resources */,
				FB5543682819F7370061873F /* gameover.mp3 in Resources */,
				FB5543642819F7200061873F /* yunasballad.mp3 in Resources */,
				FBD057A72819F3E200BC508A /* LaunchScreen.storyboard in Resources */,
				FB5543702819F7960061873F /* CongratsScene.sks in Resources */,
				FB5D243728F892BD009F97C0 /* pause_button.atlas in Resources */,
				FBD0579B2819F3E100BC508A /* Actions.sks in Resources */,
			);
			runOnlyForDeploymentPostprocessing = 0;
		};
		FBD057AA2819F3E300BC508A /* Resources */ = {
			isa = PBXResourcesBuildPhase;
			buildActionMask = 2147483647;
			files = (
			);
			runOnlyForDeploymentPostprocessing = 0;
		};
		FBD057B42819F3E300BC508A /* Resources */ = {
			isa = PBXResourcesBuildPhase;
			buildActionMask = 2147483647;
			files = (
			);
			runOnlyForDeploymentPostprocessing = 0;
		};
/* End PBXResourcesBuildPhase section */

/* Begin PBXSourcesBuildPhase section */
		FBD0578F2819F3E100BC508A /* Sources */ = {
			isa = PBXSourcesBuildPhase;
			buildActionMask = 2147483647;
			files = (
				FB55437C2819F9750061873F /* CongratsScene.swift in Sources */,
				FB5543862819FAB20061873F /* MainMenuButton.swift in Sources */,
				FB5543882819FADC0061873F /* MenuScene.swift in Sources */,
				FB55437A2819F93A0061873F /* BubbleAnimation.swift in Sources */,
				FB5543802819F9DC0061873F /* GamePausedImage.swift in Sources */,
				FB55437E2819F9B20061873F /* DifficultyButton.swift in Sources */,
				FB55438C2819FB300061873F /* PlayButton.swift in Sources */,
				FB173C742819FF930060C4C1 /* PauseScene.swift in Sources */,
				FB5543922819FBA20061873F /* StartScene.swift in Sources */,
				FB55438A2819FB0C0061873F /* PauseButton.swift in Sources */,
				FB5543822819FA4F0061873F /* GoodJobImage.swift in Sources */,
				FB5543902819FB830061873F /* ReplayButton.swift in Sources */,
				FB5543842819FA7E0061873F /* KidsModeScene.swift in Sources */,
				FBD0579D2819F3E100BC508A /* GameScene.swift in Sources */,
				FBD0579F2819F3E100BC508A /* GameViewController.swift in Sources */,
				FBD057972819F3E100BC508A /* AppDelegate.swift in Sources */,
			);
			runOnlyForDeploymentPostprocessing = 0;
		};
		FBD057A82819F3E300BC508A /* Sources */ = {
			isa = PBXSourcesBuildPhase;
			buildActionMask = 2147483647;
			files = (
				FBD057B12819F3E300BC508A /* Bubble_BurstTests.swift in Sources */,
			);
			runOnlyForDeploymentPostprocessing = 0;
		};
		FBD057B22819F3E300BC508A /* Sources */ = {
			isa = PBXSourcesBuildPhase;
			buildActionMask = 2147483647;
			files = (
				FBD057BB2819F3E300BC508A /* Bubble_BurstUITests.swift in Sources */,
				FBD057BD2819F3E300BC508A /* Bubble_BurstUITestsLaunchTests.swift in Sources */,
			);
			runOnlyForDeploymentPostprocessing = 0;
		};
/* End PBXSourcesBuildPhase section */

/* Begin PBXTargetDependency section */
		FBD057AE2819F3E300BC508A /* PBXTargetDependency */ = {
			isa = PBXTargetDependency;
			target = FBD057922819F3E100BC508A /* Bubble Burst */;
			targetProxy = FBD057AD2819F3E300BC508A /* PBXContainerItemProxy */;
		};
		FBD057B82819F3E300BC508A /* PBXTargetDependency */ = {
			isa = PBXTargetDependency;
			target = FBD057922819F3E100BC508A /* Bubble Burst */;
			targetProxy = FBD057B72819F3E300BC508A /* PBXContainerItemProxy */;
		};
/* End PBXTargetDependency section */

/* Begin PBXVariantGroup section */
		FBD057A02819F3E100BC508A /* Main.storyboard */ = {
			isa = PBXVariantGroup;
			children = (
				FBD057A12819F3E100BC508A /* Base */,
			);
			name = Main.storyboard;
			sourceTree = "<group>";
		};
		FBD057A52819F3E200BC508A /* LaunchScreen.storyboard */ = {
			isa = PBXVariantGroup;
			children = (
				FBD057A62819F3E200BC508A /* Base */,
			);
			name = LaunchScreen.storyboard;
			sourceTree = "<group>";
		};
/* End PBXVariantGroup section */

/* Begin XCBuildConfiguration section */
		FBD057BE2819F3E300BC508A /* Debug */ = {
			isa = XCBuildConfiguration;
			buildSettings = {
				ALWAYS_SEARCH_USER_PATHS = NO;
				CLANG_ANALYZER_NONNULL = YES;
				CLANG_ANALYZER_NUMBER_OBJECT_CONVERSION = YES_AGGRESSIVE;
				CLANG_CXX_LANGUAGE_STANDARD = "gnu++17";
				CLANG_ENABLE_MODULES = YES;
				CLANG_ENABLE_OBJC_ARC = YES;
				CLANG_ENABLE_OBJC_WEAK = YES;
				CLANG_WARN_BLOCK_CAPTURE_AUTORELEASING = YES;
				CLANG_WARN_BOOL_CONVERSION = YES;
				CLANG_WARN_COMMA = YES;
				CLANG_WARN_CONSTANT_CONVERSION = YES;
				CLANG_WARN_DEPRECATED_OBJC_IMPLEMENTATIONS = YES;
				CLANG_WARN_DIRECT_OBJC_ISA_USAGE = YES_ERROR;
				CLANG_WARN_DOCUMENTATION_COMMENTS = YES;
				CLANG_WARN_EMPTY_BODY = YES;
				CLANG_WARN_ENUM_CONVERSION = YES;
				CLANG_WARN_INFINITE_RECURSION = YES;
				CLANG_WARN_INT_CONVERSION = YES;
				CLANG_WARN_NON_LITERAL_NULL_CONVERSION = YES;
				CLANG_WARN_OBJC_IMPLICIT_RETAIN_SELF = YES;
				CLANG_WARN_OBJC_LITERAL_CONVERSION = YES;
				CLANG_WARN_OBJC_ROOT_CLASS = YES_ERROR;
				CLANG_WARN_QUOTED_INCLUDE_IN_FRAMEWORK_HEADER = YES;
				CLANG_WARN_RANGE_LOOP_ANALYSIS = YES;
				CLANG_WARN_STRICT_PROTOTYPES = YES;
				CLANG_WARN_SUSPICIOUS_MOVE = YES;
				CLANG_WARN_UNGUARDED_AVAILABILITY = YES_AGGRESSIVE;
				CLANG_WARN_UNREACHABLE_CODE = YES;
				CLANG_WARN__DUPLICATE_METHOD_MATCH = YES;
				COPY_PHASE_STRIP = NO;
				DEBUG_INFORMATION_FORMAT = dwarf;
				ENABLE_STRICT_OBJC_MSGSEND = YES;
				ENABLE_TESTABILITY = YES;
				GCC_C_LANGUAGE_STANDARD = gnu11;
				GCC_DYNAMIC_NO_PIC = NO;
				GCC_NO_COMMON_BLOCKS = YES;
				GCC_OPTIMIZATION_LEVEL = 0;
				GCC_PREPROCESSOR_DEFINITIONS = (
					"DEBUG=1",
					"$(inherited)",
				);
				GCC_WARN_64_TO_32_BIT_CONVERSION = YES;
				GCC_WARN_ABOUT_RETURN_TYPE = YES_ERROR;
				GCC_WARN_UNDECLARED_SELECTOR = YES;
				GCC_WARN_UNINITIALIZED_AUTOS = YES_AGGRESSIVE;
				GCC_WARN_UNUSED_FUNCTION = YES;
				GCC_WARN_UNUSED_VARIABLE = YES;
				IPHONEOS_DEPLOYMENT_TARGET = 15.4;
				MTL_ENABLE_DEBUG_INFO = INCLUDE_SOURCE;
				MTL_FAST_MATH = YES;
				ONLY_ACTIVE_ARCH = YES;
				SDKROOT = iphoneos;
				SWIFT_ACTIVE_COMPILATION_CONDITIONS = DEBUG;
				SWIFT_OPTIMIZATION_LEVEL = "-Onone";
			};
			name = Debug;
		};
		FBD057BF2819F3E300BC508A /* Release */ = {
			isa = XCBuildConfiguration;
			buildSettings = {
				ALWAYS_SEARCH_USER_PATHS = NO;
				CLANG_ANALYZER_NONNULL = YES;
				CLANG_ANALYZER_NUMBER_OBJECT_CONVERSION = YES_AGGRESSIVE;
				CLANG_CXX_LANGUAGE_STANDARD = "gnu++17";
				CLANG_ENABLE_MODULES = YES;
				CLANG_ENABLE_OBJC_ARC = YES;
				CLANG_ENABLE_OBJC_WEAK = YES;
				CLANG_WARN_BLOCK_CAPTURE_AUTORELEASING = YES;
				CLANG_WARN_BOOL_CONVERSION = YES;
				CLANG_WARN_COMMA = YES;
				CLANG_WARN_CONSTANT_CONVERSION = YES;
				CLANG_WARN_DEPRECATED_OBJC_IMPLEMENTATIONS = YES;
				CLANG_WARN_DIRECT_OBJC_ISA_USAGE = YES_ERROR;
				CLANG_WARN_DOCUMENTATION_COMMENTS = YES;
				CLANG_WARN_EMPTY_BODY = YES;
				CLANG_WARN_ENUM_CONVERSION = YES;
				CLANG_WARN_INFINITE_RECURSION = YES;
				CLANG_WARN_INT_CONVERSION = YES;
				CLANG_WARN_NON_LITERAL_NULL_CONVERSION = YES;
				CLANG_WARN_OBJC_IMPLICIT_RETAIN_SELF = YES;
				CLANG_WARN_OBJC_LITERAL_CONVERSION = YES;
				CLANG_WARN_OBJC_ROOT_CLASS = YES_ERROR;
				CLANG_WARN_QUOTED_INCLUDE_IN_FRAMEWORK_HEADER = YES;
				CLANG_WARN_RANGE_LOOP_ANALYSIS = YES;
				CLANG_WARN_STRICT_PROTOTYPES = YES;
				CLANG_WARN_SUSPICIOUS_MOVE = YES;
				CLANG_WARN_UNGUARDED_AVAILABILITY = YES_AGGRESSIVE;
				CLANG_WARN_UNREACHABLE_CODE = YES;
				CLANG_WARN__DUPLICATE_METHOD_MATCH = YES;
				COPY_PHASE_STRIP = NO;
				DEBUG_INFORMATION_FORMAT = "dwarf-with-dsym";
				ENABLE_NS_ASSERTIONS = NO;
				ENABLE_STRICT_OBJC_MSGSEND = YES;
				GCC_C_LANGUAGE_STANDARD = gnu11;
				GCC_NO_COMMON_BLOCKS = YES;
				GCC_WARN_64_TO_32_BIT_CONVERSION = YES;
				GCC_WARN_ABOUT_RETURN_TYPE = YES_ERROR;
				GCC_WARN_UNDECLARED_SELECTOR = YES;
				GCC_WARN_UNINITIALIZED_AUTOS = YES_AGGRESSIVE;
				GCC_WARN_UNUSED_FUNCTION = YES;
				GCC_WARN_UNUSED_VARIABLE = YES;
				IPHONEOS_DEPLOYMENT_TARGET = 15.4;
				MTL_ENABLE_DEBUG_INFO = NO;
				MTL_FAST_MATH = YES;
				SDKROOT = iphoneos;
				SWIFT_COMPILATION_MODE = wholemodule;
				SWIFT_OPTIMIZATION_LEVEL = "-O";
				VALIDATE_PRODUCT = YES;
			};
			name = Release;
		};
		FBD057C12819F3E300BC508A /* Debug */ = {
			isa = XCBuildConfiguration;
			buildSettings = {
				ASSETCATALOG_COMPILER_APPICON_NAME = AppIcon;
				ASSETCATALOG_COMPILER_GLOBAL_ACCENT_COLOR_NAME = AccentColor;
				CODE_SIGN_STYLE = Automatic;
				CURRENT_PROJECT_VERSION = 4;
				DEVELOPMENT_TEAM = 27CB9ZMPF6;
				GENERATE_INFOPLIST_FILE = YES;
				INFOPLIST_KEY_UIApplicationSupportsIndirectInputEvents = YES;
				INFOPLIST_KEY_UILaunchStoryboardName = LaunchScreen;
				INFOPLIST_KEY_UIMainStoryboardFile = Main;
				INFOPLIST_KEY_UIStatusBarHidden = YES;
				INFOPLIST_KEY_UISupportedInterfaceOrientations_iPad = "UIInterfaceOrientationPortrait UIInterfaceOrientationPortraitUpsideDown UIInterfaceOrientationLandscapeLeft UIInterfaceOrientationLandscapeRight";
				INFOPLIST_KEY_UISupportedInterfaceOrientations_iPhone = "UIInterfaceOrientationPortrait UIInterfaceOrientationLandscapeLeft UIInterfaceOrientationLandscapeRight";
				LD_RUNPATH_SEARCH_PATHS = (
					"$(inherited)",
					"@executable_path/Frameworks",
				);
				MARKETING_VERSION = 0.1.0;
				PRODUCT_BUNDLE_IDENTIFIER = "jsendejo1-mail.sfsu.edu.Bubble-Burst";
				PRODUCT_NAME = "$(TARGET_NAME)";
				SWIFT_EMIT_LOC_STRINGS = YES;
				SWIFT_VERSION = 5.0;
				TARGETED_DEVICE_FAMILY = "1,2";
			};
			name = Debug;
		};
		FBD057C22819F3E300BC508A /* Release */ = {
			isa = XCBuildConfiguration;
			buildSettings = {
				ASSETCATALOG_COMPILER_APPICON_NAME = AppIcon;
				ASSETCATALOG_COMPILER_GLOBAL_ACCENT_COLOR_NAME = AccentColor;
				CODE_SIGN_STYLE = Automatic;
				CURRENT_PROJECT_VERSION = 4;
				DEVELOPMENT_TEAM = 27CB9ZMPF6;
				GENERATE_INFOPLIST_FILE = YES;
				INFOPLIST_KEY_UIApplicationSupportsIndirectInputEvents = YES;
				INFOPLIST_KEY_UILaunchStoryboardName = LaunchScreen;
				INFOPLIST_KEY_UIMainStoryboardFile = Main;
				INFOPLIST_KEY_UIStatusBarHidden = YES;
				INFOPLIST_KEY_UISupportedInterfaceOrientations_iPad = "UIInterfaceOrientationPortrait UIInterfaceOrientationPortraitUpsideDown UIInterfaceOrientationLandscapeLeft UIInterfaceOrientationLandscapeRight";
				INFOPLIST_KEY_UISupportedInterfaceOrientations_iPhone = "UIInterfaceOrientationPortrait UIInterfaceOrientationLandscapeLeft UIInterfaceOrientationLandscapeRight";
				LD_RUNPATH_SEARCH_PATHS = (
					"$(inherited)",
					"@executable_path/Frameworks",
				);
				MARKETING_VERSION = 0.1.0;
				PRODUCT_BUNDLE_IDENTIFIER = "jsendejo1-mail.sfsu.edu.Bubble-Burst";
				PRODUCT_NAME = "$(TARGET_NAME)";
				SWIFT_EMIT_LOC_STRINGS = YES;
				SWIFT_VERSION = 5.0;
				TARGETED_DEVICE_FAMILY = "1,2";
			};
			name = Release;
		};
		FBD057C42819F3E300BC508A /* Debug */ = {
			isa = XCBuildConfiguration;
			buildSettings = {
				ALWAYS_EMBED_SWIFT_STANDARD_LIBRARIES = YES;
				BUNDLE_LOADER = "$(TEST_HOST)";
				CODE_SIGN_STYLE = Automatic;
				CURRENT_PROJECT_VERSION = 1;
				DEVELOPMENT_TEAM = 27CB9ZMPF6;
				GENERATE_INFOPLIST_FILE = YES;
				IPHONEOS_DEPLOYMENT_TARGET = 15.4;
				MARKETING_VERSION = 1.0;
				PRODUCT_BUNDLE_IDENTIFIER = "jsendejo1-mail.sfsu.edu.Bubble-BurstTests";
				PRODUCT_NAME = "$(TARGET_NAME)";
				SWIFT_EMIT_LOC_STRINGS = NO;
				SWIFT_VERSION = 5.0;
				TARGETED_DEVICE_FAMILY = "1,2";
				TEST_HOST = "$(BUILT_PRODUCTS_DIR)/Bubble Burst.app/Bubble Burst";
			};
			name = Debug;
		};
		FBD057C52819F3E300BC508A /* Release */ = {
			isa = XCBuildConfiguration;
			buildSettings = {
				ALWAYS_EMBED_SWIFT_STANDARD_LIBRARIES = YES;
				BUNDLE_LOADER = "$(TEST_HOST)";
				CODE_SIGN_STYLE = Automatic;
				CURRENT_PROJECT_VERSION = 1;
				DEVELOPMENT_TEAM = 27CB9ZMPF6;
				GENERATE_INFOPLIST_FILE = YES;
				IPHONEOS_DEPLOYMENT_TARGET = 15.4;
				MARKETING_VERSION = 1.0;
				PRODUCT_BUNDLE_IDENTIFIER = "jsendejo1-mail.sfsu.edu.Bubble-BurstTests";
				PRODUCT_NAME = "$(TARGET_NAME)";
				SWIFT_EMIT_LOC_STRINGS = NO;
				SWIFT_VERSION = 5.0;
				TARGETED_DEVICE_FAMILY = "1,2";
				TEST_HOST = "$(BUILT_PRODUCTS_DIR)/Bubble Burst.app/Bubble Burst";
			};
			name = Release;
		};
		FBD057C72819F3E300BC508A /* Debug */ = {
			isa = XCBuildConfiguration;
			buildSettings = {
				ALWAYS_EMBED_SWIFT_STANDARD_LIBRARIES = YES;
				CODE_SIGN_STYLE = Automatic;
				CURRENT_PROJECT_VERSION = 1;
				DEVELOPMENT_TEAM = 27CB9ZMPF6;
				GENERATE_INFOPLIST_FILE = YES;
				MARKETING_VERSION = 1.0;
				PRODUCT_BUNDLE_IDENTIFIER = "jsendejo1-mail.sfsu.edu.Bubble-BurstUITests";
				PRODUCT_NAME = "$(TARGET_NAME)";
				SWIFT_EMIT_LOC_STRINGS = NO;
				SWIFT_VERSION = 5.0;
				TARGETED_DEVICE_FAMILY = "1,2";
				TEST_TARGET_NAME = "Bubble Burst";
			};
			name = Debug;
		};
		FBD057C82819F3E300BC508A /* Release */ = {
			isa = XCBuildConfiguration;
			buildSettings = {
				ALWAYS_EMBED_SWIFT_STANDARD_LIBRARIES = YES;
				CODE_SIGN_STYLE = Automatic;
				CURRENT_PROJECT_VERSION = 1;
				DEVELOPMENT_TEAM = 27CB9ZMPF6;
				GENERATE_INFOPLIST_FILE = YES;
				MARKETING_VERSION = 1.0;
				PRODUCT_BUNDLE_IDENTIFIER = "jsendejo1-mail.sfsu.edu.Bubble-BurstUITests";
				PRODUCT_NAME = "$(TARGET_NAME)";
				SWIFT_EMIT_LOC_STRINGS = NO;
				SWIFT_VERSION = 5.0;
				TARGETED_DEVICE_FAMILY = "1,2";
				TEST_TARGET_NAME = "Bubble Burst";
			};
			name = Release;
		};
/* End XCBuildConfiguration section */

/* Begin XCConfigurationList section */
		FBD0578E2819F3E100BC508A /* Build configuration list for PBXProject "Bubble Burst" */ = {
			isa = XCConfigurationList;
			buildConfigurations = (
				FBD057BE2819F3E300BC508A /* Debug */,
				FBD057BF2819F3E300BC508A /* Release */,
			);
			defaultConfigurationIsVisible = 0;
			defaultConfigurationName = Release;
		};
		FBD057C02819F3E300BC508A /* Build configuration list for PBXNativeTarget "Bubble Burst" */ = {
			isa = XCConfigurationList;
			buildConfigurations = (
				FBD057C12819F3E300BC508A /* Debug */,
				FBD057C22819F3E300BC508A /* Release */,
			);
			defaultConfigurationIsVisible = 0;
			defaultConfigurationName = Release;
		};
		FBD057C32819F3E300BC508A /* Build configuration list for PBXNativeTarget "Bubble BurstTests" */ = {
			isa = XCConfigurationList;
			buildConfigurations = (
				FBD057C42819F3E300BC508A /* Debug */,
				FBD057C52819F3E300BC508A /* Release */,
			);
			defaultConfigurationIsVisible = 0;
			defaultConfigurationName = Release;
		};
		FBD057C62819F3E300BC508A /* Build configuration list for PBXNativeTarget "Bubble BurstUITests" */ = {
			isa = XCConfigurationList;
			buildConfigurations = (
				FBD057C72819F3E300BC508A /* Debug */,
				FBD057C82819F3E300BC508A /* Release */,
			);
			defaultConfigurationIsVisible = 0;
			defaultConfigurationName = Release;
		};
/* End XCConfigurationList section */
	};
	rootObject = FBD0578B2819F3E100BC508A /* Project object */;
}
